
Microsoft Visual Studio Solution File, Format Version 12.00
# Visual Studio Version 16
VisualStudioVersion = 16.0.30204.135
MinimumVisualStudioVersion = 10.0.40219.1
Project("{FAE04EC0-301F-11D3-BF4B-00C04F79EFBC}") = "Exercicio01", "Exercicio01\Exercicio01.csproj", "{70C36A36-03A4-48EA-894D-C007D9EF0FE8}"
EndProject
Global
	GlobalSection(SolutionConfigurationPlatforms) = preSolution
		Debug|Any CPU = Debug|Any CPU
		Release|Any CPU = Release|Any CPU
	EndGlobalSection
	GlobalSection(ProjectConfigurationPlatforms) = postSolution
		{70C36A36-03A4-48EA-894D-C007D9EF0FE8}.Debug|Any CPU.ActiveCfg = Debug|Any CPU
		{70C36A36-03A4-48EA-894D-C007D9EF0FE8}.Debug|Any CPU.Build.0 = Debug|Any CPU
		{70C36A36-03A4-48EA-894D-C007D9EF0FE8}.Release|Any CPU.ActiveCfg = Release|Any CPU
		{70C36A36-03A4-48EA-894D-C007D9EF0FE8}.Release|Any CPU.Build.0 = Release|Any CPU
	EndGlobalSection
	GlobalSection(SolutionProperties) = preSolution
		HideSolutionNode = FALSE
	EndGlobalSection
	GlobalSection(ExtensibilityGlobals) = postSolution
		SolutionGuid = {60C18163-5CF1-4931-A1F8-21D00045AC48}
	EndGlobalSection
EndGlobal
