
Microsoft Visual Studio Solution File, Format Version 12.00
# Visual Studio Version 16
VisualStudioVersion = 16.0.30204.135
MinimumVisualStudioVersion = 10.0.40219.1
Project("{FAE04EC0-301F-11D3-BF4B-00C04F79EFBC}") = "Exercicio03", "Exercicio03\Exercicio03.csproj", "{A17065F0-6341-4DB5-B944-086ED096E6AB}"
EndProject
Project("{FAE04EC0-301F-11D3-BF4B-00C04F79EFBC}") = "Exercicio01", "Exercicio01\Exercicio01.csproj", "{C01DF113-F489-4916-A953-F3FF66D28A37}"
EndProject
Global
	GlobalSection(SolutionConfigurationPlatforms) = preSolution
		Debug|Any CPU = Debug|Any CPU
		Release|Any CPU = Release|Any CPU
	EndGlobalSection
	GlobalSection(ProjectConfigurationPlatforms) = postSolution
		{A17065F0-6341-4DB5-B944-086ED096E6AB}.Debug|Any CPU.ActiveCfg = Debug|Any CPU
		{A17065F0-6341-4DB5-B944-086ED096E6AB}.Debug|Any CPU.Build.0 = Debug|Any CPU
		{A17065F0-6341-4DB5-B944-086ED096E6AB}.Release|Any CPU.ActiveCfg = Release|Any CPU
		{A17065F0-6341-4DB5-B944-086ED096E6AB}.Release|Any CPU.Build.0 = Release|Any CPU
		{C01DF113-F489-4916-A953-F3FF66D28A37}.Debug|Any CPU.ActiveCfg = Debug|Any CPU
		{C01DF113-F489-4916-A953-F3FF66D28A37}.Debug|Any CPU.Build.0 = Debug|Any CPU
		{C01DF113-F489-4916-A953-F3FF66D28A37}.Release|Any CPU.ActiveCfg = Release|Any CPU
		{C01DF113-F489-4916-A953-F3FF66D28A37}.Release|Any CPU.Build.0 = Release|Any CPU
	EndGlobalSection
	GlobalSection(SolutionProperties) = preSolution
		HideSolutionNode = FALSE
	EndGlobalSection
	GlobalSection(ExtensibilityGlobals) = postSolution
		SolutionGuid = {46BA7F9D-E239-47C9-B2C7-E7F31B62D43F}
	EndGlobalSection
EndGlobal
